// !$*UTF8*$!
{
	archiveVersion = 1;
	classes = {
	};
	objectVersion = 77;
	objects = {

/* Begin PBXContainerItemProxy section */
		88EECEDD2CE03390002F0AC8 /* PBXContainerItemProxy */ = {
			isa = PBXContainerItemProxy;
			containerPortal = 88EECEC42CE0338E002F0AC8 /* Project object */;
			proxyType = 1;
			remoteGlobalIDString = 88EECECB2CE0338F002F0AC8;
			remoteInfo = LOLBook;
		};
		88EECEE72CE03390002F0AC8 /* PBXContainerItemProxy */ = {
			isa = PBXContainerItemProxy;
			containerPortal = 88EECEC42CE0338E002F0AC8 /* Project object */;
			proxyType = 1;
			remoteGlobalIDString = 88EECECB2CE0338F002F0AC8;
			remoteInfo = LOLBook;
		};
/* End PBXContainerItemProxy section */

/* Begin PBXFileReference section */
		88EECECC2CE0338F002F0AC8 /* LOLBook.app */ = {isa = PBXFileReference; explicitFileType = wrapper.application; includeInIndex = 0; path = LOLBook.app; sourceTree = BUILT_PRODUCTS_DIR; };
		88EECEDC2CE03390002F0AC8 /* LOLBookTests.xctest */ = {isa = PBXFileReference; explicitFileType = wrapper.cfbundle; includeInIndex = 0; path = LOLBookTests.xctest; sourceTree = BUILT_PRODUCTS_DIR; };
		88EECEE62CE03390002F0AC8 /* LOLBookUITests.xctest */ = {isa = PBXFileReference; explicitFileType = wrapper.cfbundle; includeInIndex = 0; path = LOLBookUITests.xctest; sourceTree = BUILT_PRODUCTS_DIR; };
/* End PBXFileReference section */

/* Begin PBXFileSystemSynchronizedRootGroup section */
		88EECECE2CE0338F002F0AC8 /* LOLBook */ = {
			isa = PBXFileSystemSynchronizedRootGroup;
			path = LOLBook;
			sourceTree = "<group>";
		};
		88EECEDF2CE03390002F0AC8 /* LOLBookTests */ = {
			isa = PBXFileSystemSynchronizedRootGroup;
			path = LOLBookTests;
			sourceTree = "<group>";
		};
		88EECEE92CE03390002F0AC8 /* LOLBookUITests */ = {
			isa = PBXFileSystemSynchronizedRootGroup;
			path = LOLBookUITests;
			sourceTree = "<group>";
		};
/* End PBXFileSystemSynchronizedRootGroup section */

/* Begin PBXFrameworksBuildPhase section */
		88EECEC92CE0338F002F0AC8 /* Frameworks */ = {
			isa = PBXFrameworksBuildPhase;
			buildActionMask = 2147483647;
			files = (
			);
			runOnlyForDeploymentPostprocessing = 0;
		};
		88EECED92CE03390002F0AC8 /* Frameworks */ = {
			isa = PBXFrameworksBuildPhase;
			buildActionMask = 2147483647;
			files = (
			);
			runOnlyForDeploymentPostprocessing = 0;
		};
		88EECEE32CE03390002F0AC8 /* Frameworks */ = {
			isa = PBXFrameworksBuildPhase;
			buildActionMask = 2147483647;
			files = (
			);
			runOnlyForDeploymentPostprocessing = 0;
		};
/* End PBXFrameworksBuildPhase section */

/* Begin PBXGroup section */
		88EECEC32CE0338E002F0AC8 = {
			isa = PBXGroup;
			children = (
				88EECECE2CE0338F002F0AC8 /* LOLBook */,
				88EECEDF2CE03390002F0AC8 /* LOLBookTests */,
				88EECEE92CE03390002F0AC8 /* LOLBookUITests */,
				88EECECD2CE0338F002F0AC8 /* Products */,
			);
			sourceTree = "<group>";
		};
		88EECECD2CE0338F002F0AC8 /* Products */ = {
			isa = PBXGroup;
			children = (
				88EECECC2CE0338F002F0AC8 /* LOLBook.app */,
				88EECEDC2CE03390002F0AC8 /* LOLBookTests.xctest */,
				88EECEE62CE03390002F0AC8 /* LOLBookUITests.xctest */,
			);
			name = Products;
			sourceTree = "<group>";
		};
/* End PBXGroup section */

/* Begin PBXNativeTarget section */
		88EECECB2CE0338F002F0AC8 /* LOLBook */ = {
			isa = PBXNativeTarget;
			buildConfigurationList = 88EECEF02CE03390002F0AC8 /* Build configuration list for PBXNativeTarget "LOLBook" */;
			buildPhases = (
				88EECEC82CE0338F002F0AC8 /* Sources */,
				88EECEC92CE0338F002F0AC8 /* Frameworks */,
				88EECECA2CE0338F002F0AC8 /* Resources */,
			);
			buildRules = (
			);
			dependencies = (
			);
			fileSystemSynchronizedGroups = (
				88EECECE2CE0338F002F0AC8 /* LOLBook */,
			);
			name = LOLBook;
			packageProductDependencies = (
			);
			productName = LOLBook;
			productReference = 88EECECC2CE0338F002F0AC8 /* LOLBook.app */;
			productType = "com.apple.product-type.application";
		};
		88EECEDB2CE03390002F0AC8 /* LOLBookTests */ = {
			isa = PBXNativeTarget;
			buildConfigurationList = 88EECEF32CE03390002F0AC8 /* Build configuration list for PBXNativeTarget "LOLBookTests" */;
			buildPhases = (
				88EECED82CE03390002F0AC8 /* Sources */,
				88EECED92CE03390002F0AC8 /* Frameworks */,
				88EECEDA2CE03390002F0AC8 /* Resources */,
			);
			buildRules = (
			);
			dependencies = (
				88EECEDE2CE03390002F0AC8 /* PBXTargetDependency */,
			);
			fileSystemSynchronizedGroups = (
				88EECEDF2CE03390002F0AC8 /* LOLBookTests */,
			);
			name = LOLBookTests;
			packageProductDependencies = (
			);
			productName = LOLBookTests;
			productReference = 88EECEDC2CE03390002F0AC8 /* LOLBookTests.xctest */;
			productType = "com.apple.product-type.bundle.unit-test";
		};
		88EECEE52CE03390002F0AC8 /* LOLBookUITests */ = {
			isa = PBXNativeTarget;
			buildConfigurationList = 88EECEF62CE03390002F0AC8 /* Build configuration list for PBXNativeTarget "LOLBookUITests" */;
			buildPhases = (
				88EECEE22CE03390002F0AC8 /* Sources */,
				88EECEE32CE03390002F0AC8 /* Frameworks */,
				88EECEE42CE03390002F0AC8 /* Resources */,
			);
			buildRules = (
			);
			dependencies = (
				88EECEE82CE03390002F0AC8 /* PBXTargetDependency */,
			);
			fileSystemSynchronizedGroups = (
				88EECEE92CE03390002F0AC8 /* LOLBookUITests */,
			);
			name = LOLBookUITests;
			packageProductDependencies = (
			);
			productName = LOLBookUITests;
			productReference = 88EECEE62CE03390002F0AC8 /* LOLBookUITests.xctest */;
			productType = "com.apple.product-type.bundle.ui-testing";
		};
/* End PBXNativeTarget section */

/* Begin PBXProject section */
		88EECEC42CE0338E002F0AC8 /* Project object */ = {
			isa = PBXProject;
			attributes = {
				BuildIndependentTargetsInParallel = 1;
				LastSwiftUpdateCheck = 1610;
				LastUpgradeCheck = 1610;
				TargetAttributes = {
					88EECECB2CE0338F002F0AC8 = {
						CreatedOnToolsVersion = 16.1;
					};
					88EECEDB2CE03390002F0AC8 = {
						CreatedOnToolsVersion = 16.1;
						TestTargetID = 88EECECB2CE0338F002F0AC8;
					};
					88EECEE52CE03390002F0AC8 = {
						CreatedOnToolsVersion = 16.1;
						TestTargetID = 88EECECB2CE0338F002F0AC8;
					};
				};
			};
			buildConfigurationList = 88EECEC72CE0338E002F0AC8 /* Build configuration list for PBXProject "LOLBook" */;
			developmentRegion = en;
			hasScannedForEncodings = 0;
			knownRegions = (
				en,
				Base,
			);
			mainGroup = 88EECEC32CE0338E002F0AC8;
			minimizedProjectReferenceProxies = 1;
			preferredProjectObjectVersion = 77;
			productRefGroup = 88EECECD2CE0338F002F0AC8 /* Products */;
			projectDirPath = "";
			projectRoot = "";
			targets = (
				88EECECB2CE0338F002F0AC8 /* LOLBook */,
				88EECEDB2CE03390002F0AC8 /* LOLBookTests */,
				88EECEE52CE03390002F0AC8 /* LOLBookUITests */,
			);
		};
/* End PBXProject section */

/* Begin PBXResourcesBuildPhase section */
		88EECECA2CE0338F002F0AC8 /* Resources */ = {
			isa = PBXResourcesBuildPhase;
			buildActionMask = 2147483647;
			files = (
			);
			runOnlyForDeploymentPostprocessing = 0;
		};
		88EECEDA2CE03390002F0AC8 /* Resources */ = {
			isa = PBXResourcesBuildPhase;
			buildActionMask = 2147483647;
			files = (
			);
			runOnlyForDeploymentPostprocessing = 0;
		};
		88EECEE42CE03390002F0AC8 /* Resources */ = {
			isa = PBXResourcesBuildPhase;
			buildActionMask = 2147483647;
			files = (
			);
			runOnlyForDeploymentPostprocessing = 0;
		};
/* End PBXResourcesBuildPhase section */

/* Begin PBXSourcesBuildPhase section */
		88EECEC82CE0338F002F0AC8 /* Sources */ = {
			isa = PBXSourcesBuildPhase;
			buildActionMask = 2147483647;
			files = (
			);
			runOnlyForDeploymentPostprocessing = 0;
		};
		88EECED82CE03390002F0AC8 /* Sources */ = {
			isa = PBXSourcesBuildPhase;
			buildActionMask = 2147483647;
			files = (
			);
			runOnlyForDeploymentPostprocessing = 0;
		};
		88EECEE22CE03390002F0AC8 /* Sources */ = {
			isa = PBXSourcesBuildPhase;
			buildActionMask = 2147483647;
			files = (
			);
			runOnlyForDeploymentPostprocessing = 0;
		};
/* End PBXSourcesBuildPhase section */

/* Begin PBXTargetDependency section */
		88EECEDE2CE03390002F0AC8 /* PBXTargetDependency */ = {
			isa = PBXTargetDependency;
			target = 88EECECB2CE0338F002F0AC8 /* LOLBook */;
			targetProxy = 88EECEDD2CE03390002F0AC8 /* PBXContainerItemProxy */;
		};
		88EECEE82CE03390002F0AC8 /* PBXTargetDependency */ = {
			isa = PBXTargetDependency;
			target = 88EECECB2CE0338F002F0AC8 /* LOLBook */;
			targetProxy = 88EECEE72CE03390002F0AC8 /* PBXContainerItemProxy */;
		};
/* End PBXTargetDependency section */

/* Begin XCBuildConfiguration section */
		88EECEEE2CE03390002F0AC8 /* Debug */ = {
			isa = XCBuildConfiguration;
			buildSettings = {
				ALWAYS_SEARCH_USER_PATHS = NO;
				ASSETCATALOG_COMPILER_GENERATE_SWIFT_ASSET_SYMBOL_EXTENSIONS = YES;
				CLANG_ANALYZER_NONNULL = YES;
				CLANG_ANALYZER_NUMBER_OBJECT_CONVERSION = YES_AGGRESSIVE;
				CLANG_CXX_LANGUAGE_STANDARD = "gnu++20";
				CLANG_ENABLE_MODULES = YES;
				CLANG_ENABLE_OBJC_ARC = YES;
				CLANG_ENABLE_OBJC_WEAK = YES;
				CLANG_WARN_BLOCK_CAPTURE_AUTORELEASING = YES;
				CLANG_WARN_BOOL_CONVERSION = YES;
				CLANG_WARN_COMMA = YES;
				CLANG_WARN_CONSTANT_CONVERSION = YES;
				CLANG_WARN_DEPRECATED_OBJC_IMPLEMENTATIONS = YES;
				CLANG_WARN_DIRECT_OBJC_ISA_USAGE = YES_ERROR;
				CLANG_WARN_DOCUMENTATION_COMMENTS = YES;
				CLANG_WARN_EMPTY_BODY = YES;
				CLANG_WARN_ENUM_CONVERSION = YES;
				CLANG_WARN_INFINITE_RECURSION = YES;
				CLANG_WARN_INT_CONVERSION = YES;
				CLANG_WARN_NON_LITERAL_NULL_CONVERSION = YES;
				CLANG_WARN_OBJC_IMPLICIT_RETAIN_SELF = YES;
				CLANG_WARN_OBJC_LITERAL_CONVERSION = YES;
				CLANG_WARN_OBJC_ROOT_CLASS = YES_ERROR;
				CLANG_WARN_QUOTED_INCLUDE_IN_FRAMEWORK_HEADER = YES;
				CLANG_WARN_RANGE_LOOP_ANALYSIS = YES;
				CLANG_WARN_STRICT_PROTOTYPES = YES;
				CLANG_WARN_SUSPICIOUS_MOVE = YES;
				CLANG_WARN_UNGUARDED_AVAILABILITY = YES_AGGRESSIVE;
				CLANG_WARN_UNREACHABLE_CODE = YES;
				CLANG_WARN__DUPLICATE_METHOD_MATCH = YES;
				COPY_PHASE_STRIP = NO;
				DEBUG_INFORMATION_FORMAT = dwarf;
				ENABLE_STRICT_OBJC_MSGSEND = YES;
				ENABLE_TESTABILITY = YES;
				ENABLE_USER_SCRIPT_SANDBOXING = YES;
				GCC_C_LANGUAGE_STANDARD = gnu17;
				GCC_DYNAMIC_NO_PIC = NO;
				GCC_NO_COMMON_BLOCKS = YES;
				GCC_OPTIMIZATION_LEVEL = 0;
				GCC_PREPROCESSOR_DEFINITIONS = (
					"DEBUG=1",
					"$(inherited)",
				);
				GCC_WARN_64_TO_32_BIT_CONVERSION = YES;
				GCC_WARN_ABOUT_RETURN_TYPE = YES_ERROR;
				GCC_WARN_UNDECLARED_SELECTOR = YES;
				GCC_WARN_UNINITIALIZED_AUTOS = YES_AGGRESSIVE;
				GCC_WARN_UNUSED_FUNCTION = YES;
				GCC_WARN_UNUSED_VARIABLE = YES;
				IPHONEOS_DEPLOYMENT_TARGET = 18.1;
				LOCALIZATION_PREFERS_STRING_CATALOGS = YES;
				MTL_ENABLE_DEBUG_INFO = INCLUDE_SOURCE;
				MTL_FAST_MATH = YES;
				ONLY_ACTIVE_ARCH = YES;
				SDKROOT = iphoneos;
				SWIFT_ACTIVE_COMPILATION_CONDITIONS = "DEBUG $(inherited)";
				SWIFT_OPTIMIZATION_LEVEL = "-Onone";
			};
			name = Debug;
		};
		88EECEEF2CE03390002F0AC8 /* Release */ = {
			isa = XCBuildConfiguration;
			buildSettings = {
				ALWAYS_SEARCH_USER_PATHS = NO;
				ASSETCATALOG_COMPILER_GENERATE_SWIFT_ASSET_SYMBOL_EXTENSIONS = YES;
				CLANG_ANALYZER_NONNULL = YES;
				CLANG_ANALYZER_NUMBER_OBJECT_CONVERSION = YES_AGGRESSIVE;
				CLANG_CXX_LANGUAGE_STANDARD = "gnu++20";
				CLANG_ENABLE_MODULES = YES;
				CLANG_ENABLE_OBJC_ARC = YES;
				CLANG_ENABLE_OBJC_WEAK = YES;
				CLANG_WARN_BLOCK_CAPTURE_AUTORELEASING = YES;
				CLANG_WARN_BOOL_CONVERSION = YES;
				CLANG_WARN_COMMA = YES;
				CLANG_WARN_CONSTANT_CONVERSION = YES;
				CLANG_WARN_DEPRECATED_OBJC_IMPLEMENTATIONS = YES;
				CLANG_WARN_DIRECT_OBJC_ISA_USAGE = YES_ERROR;
				CLANG_WARN_DOCUMENTATION_COMMENTS = YES;
				CLANG_WARN_EMPTY_BODY = YES;
				CLANG_WARN_ENUM_CONVERSION = YES;
				CLANG_WARN_INFINITE_RECURSION = YES;
				CLANG_WARN_INT_CONVERSION = YES;
				CLANG_WARN_NON_LITERAL_NULL_CONVERSION = YES;
				CLANG_WARN_OBJC_IMPLICIT_RETAIN_SELF = YES;
				CLANG_WARN_OBJC_LITERAL_CONVERSION = YES;
				CLANG_WARN_OBJC_ROOT_CLASS = YES_ERROR;
				CLANG_WARN_QUOTED_INCLUDE_IN_FRAMEWORK_HEADER = YES;
				CLANG_WARN_RANGE_LOOP_ANALYSIS = YES;
				CLANG_WARN_STRICT_PROTOTYPES = YES;
				CLANG_WARN_SUSPICIOUS_MOVE = YES;
				CLANG_WARN_UNGUARDED_AVAILABILITY = YES_AGGRESSIVE;
				CLANG_WARN_UNREACHABLE_CODE = YES;
				CLANG_WARN__DUPLICATE_METHOD_MATCH = YES;
				COPY_PHASE_STRIP = NO;
				DEBUG_INFORMATION_FORMAT = "dwarf-with-dsym";
				ENABLE_NS_ASSERTIONS = NO;
				ENABLE_STRICT_OBJC_MSGSEND = YES;
				ENABLE_USER_SCRIPT_SANDBOXING = YES;
				GCC_C_LANGUAGE_STANDARD = gnu17;
				GCC_NO_COMMON_BLOCKS = YES;
				GCC_WARN_64_TO_32_BIT_CONVERSION = YES;
				GCC_WARN_ABOUT_RETURN_TYPE = YES_ERROR;
				GCC_WARN_UNDECLARED_SELECTOR = YES;
				GCC_WARN_UNINITIALIZED_AUTOS = YES_AGGRESSIVE;
				GCC_WARN_UNUSED_FUNCTION = YES;
				GCC_WARN_UNUSED_VARIABLE = YES;
				IPHONEOS_DEPLOYMENT_TARGET = 18.1;
				LOCALIZATION_PREFERS_STRING_CATALOGS = YES;
				MTL_ENABLE_DEBUG_INFO = NO;
				MTL_FAST_MATH = YES;
				SDKROOT = iphoneos;
				SWIFT_COMPILATION_MODE = wholemodule;
				VALIDATE_PRODUCT = YES;
			};
			name = Release;
		};
		88EECEF12CE03390002F0AC8 /* Debug */ = {
			isa = XCBuildConfiguration;
			buildSettings = {
				ASSETCATALOG_COMPILER_APPICON_NAME = AppIcon;
				ASSETCATALOG_COMPILER_GLOBAL_ACCENT_COLOR_NAME = AccentColor;
				CODE_SIGN_STYLE = Automatic;
				CURRENT_PROJECT_VERSION = 1;
				DEVELOPMENT_ASSET_PATHS = "\"LOLBook/Preview Content\"";
				DEVELOPMENT_TEAM = GJRVCWA2U3;
				ENABLE_PREVIEWS = YES;
				GENERATE_INFOPLIST_FILE = YES;
				INFOPLIST_KEY_UIApplicationSceneManifest_Generation = YES;
				INFOPLIST_KEY_UIApplicationSupportsIndirectInputEvents = YES;
				INFOPLIST_KEY_UILaunchScreen_Generation = YES;
				INFOPLIST_KEY_UISupportedInterfaceOrientations_iPad = "UIInterfaceOrientationPortrait UIInterfaceOrientationPortraitUpsideDown UIInterfaceOrientationLandscapeLeft UIInterfaceOrientationLandscapeRight";
				INFOPLIST_KEY_UISupportedInterfaceOrientations_iPhone = "UIInterfaceOrientationPortrait UIInterfaceOrientationLandscapeLeft UIInterfaceOrientationLandscapeRight";
				LD_RUNPATH_SEARCH_PATHS = (
					"$(inherited)",
					"@executable_path/Frameworks",
				);
				MARKETING_VERSION = 1.0;
				PRODUCT_BUNDLE_IDENTIFIER = com.yogacode.LOLBook;
				PRODUCT_NAME = "$(TARGET_NAME)";
				SWIFT_EMIT_LOC_STRINGS = YES;
				SWIFT_VERSION = 5.0;
				TARGETED_DEVICE_FAMILY = "1,2";
			};
			name = Debug;
		};
		88EECEF22CE03390002F0AC8 /* Release */ = {
			isa = XCBuildConfiguration;
			buildSettings = {
				ASSETCATALOG_COMPILER_APPICON_NAME = AppIcon;
				ASSETCATALOG_COMPILER_GLOBAL_ACCENT_COLOR_NAME = AccentColor;
				CODE_SIGN_STYLE = Automatic;
				CURRENT_PROJECT_VERSION = 1;
				DEVELOPMENT_ASSET_PATHS = "\"LOLBook/Preview Content\"";
				DEVELOPMENT_TEAM = GJRVCWA2U3;
				ENABLE_PREVIEWS = YES;
				GENERATE_INFOPLIST_FILE = YES;
				INFOPLIST_KEY_UIApplicationSceneManifest_Generation = YES;
				INFOPLIST_KEY_UIApplicationSupportsIndirectInputEvents = YES;
				INFOPLIST_KEY_UILaunchScreen_Generation = YES;
				INFOPLIST_KEY_UISupportedInterfaceOrientations_iPad = "UIInterfaceOrientationPortrait UIInterfaceOrientationPortraitUpsideDown UIInterfaceOrientationLandscapeLeft UIInterfaceOrientationLandscapeRight";
				INFOPLIST_KEY_UISupportedInterfaceOrientations_iPhone = "UIInterfaceOrientationPortrait UIInterfaceOrientationLandscapeLeft UIInterfaceOrientationLandscapeRight";
				LD_RUNPATH_SEARCH_PATHS = (
					"$(inherited)",
					"@executable_path/Frameworks",
				);
				MARKETING_VERSION = 1.0;
				PRODUCT_BUNDLE_IDENTIFIER = com.yogacode.LOLBook;
				PRODUCT_NAME = "$(TARGET_NAME)";
				SWIFT_EMIT_LOC_STRINGS = YES;
				SWIFT_VERSION = 5.0;
				TARGETED_DEVICE_FAMILY = "1,2";
			};
			name = Release;
		};
		88EECEF42CE03390002F0AC8 /* Debug */ = {
			isa = XCBuildConfiguration;
			buildSettings = {
				BUNDLE_LOADER = "$(TEST_HOST)";
				CODE_SIGN_STYLE = Automatic;
				CURRENT_PROJECT_VERSION = 1;
				DEVELOPMENT_TEAM = GJRVCWA2U3;
				GENERATE_INFOPLIST_FILE = YES;
				IPHONEOS_DEPLOYMENT_TARGET = 18.1;
				MARKETING_VERSION = 1.0;
				PRODUCT_BUNDLE_IDENTIFIER = com.yogacode.LOLBookTests;
				PRODUCT_NAME = "$(TARGET_NAME)";
				SWIFT_EMIT_LOC_STRINGS = NO;
				SWIFT_VERSION = 5.0;
				TARGETED_DEVICE_FAMILY = "1,2";
				TEST_HOST = "$(BUILT_PRODUCTS_DIR)/LOLBook.app/$(BUNDLE_EXECUTABLE_FOLDER_PATH)/LOLBook";
			};
			name = Debug;
		};
		88EECEF52CE03390002F0AC8 /* Release */ = {
			isa = XCBuildConfiguration;
			buildSettings = {
				BUNDLE_LOADER = "$(TEST_HOST)";
				CODE_SIGN_STYLE = Automatic;
				CURRENT_PROJECT_VERSION = 1;
				DEVELOPMENT_TEAM = GJRVCWA2U3;
				GENERATE_INFOPLIST_FILE = YES;
				IPHONEOS_DEPLOYMENT_TARGET = 18.1;
				MARKETING_VERSION = 1.0;
				PRODUCT_BUNDLE_IDENTIFIER = com.yogacode.LOLBookTests;
				PRODUCT_NAME = "$(TARGET_NAME)";
				SWIFT_EMIT_LOC_STRINGS = NO;
				SWIFT_VERSION = 5.0;
				TARGETED_DEVICE_FAMILY = "1,2";
				TEST_HOST = "$(BUILT_PRODUCTS_DIR)/LOLBook.app/$(BUNDLE_EXECUTABLE_FOLDER_PATH)/LOLBook";
			};
			name = Release;
		};
		88EECEF72CE03390002F0AC8 /* Debug */ = {
			isa = XCBuildConfiguration;
			buildSettings = {
				CODE_SIGN_STYLE = Automatic;
				CURRENT_PROJECT_VERSION = 1;
				DEVELOPMENT_TEAM = GJRVCWA2U3;
				GENERATE_INFOPLIST_FILE = YES;
				MARKETING_VERSION = 1.0;
				PRODUCT_BUNDLE_IDENTIFIER = com.yogacode.LOLBookUITests;
				PRODUCT_NAME = "$(TARGET_NAME)";
				SWIFT_EMIT_LOC_STRINGS = NO;
				SWIFT_VERSION = 5.0;
				TARGETED_DEVICE_FAMILY = "1,2";
				TEST_TARGET_NAME = LOLBook;
			};
			name = Debug;
		};
		88EECEF82CE03390002F0AC8 /* Release */ = {
			isa = XCBuildConfiguration;
			buildSettings = {
				CODE_SIGN_STYLE = Automatic;
				CURRENT_PROJECT_VERSION = 1;
				DEVELOPMENT_TEAM = GJRVCWA2U3;
				GENERATE_INFOPLIST_FILE = YES;
				MARKETING_VERSION = 1.0;
				PRODUCT_BUNDLE_IDENTIFIER = com.yogacode.LOLBookUITests;
				PRODUCT_NAME = "$(TARGET_NAME)";
				SWIFT_EMIT_LOC_STRINGS = NO;
				SWIFT_VERSION = 5.0;
				TARGETED_DEVICE_FAMILY = "1,2";
				TEST_TARGET_NAME = LOLBook;
			};
			name = Release;
		};
/* End XCBuildConfiguration section */

/* Begin XCConfigurationList section */
		88EECEC72CE0338E002F0AC8 /* Build configuration list for PBXProject "LOLBook" */ = {
			isa = XCConfigurationList;
			buildConfigurations = (
				88EECEEE2CE03390002F0AC8 /* Debug */,
				88EECEEF2CE03390002F0AC8 /* Release */,
			);
			defaultConfigurationIsVisible = 0;
			defaultConfigurationName = Release;
		};
		88EECEF02CE03390002F0AC8 /* Build configuration list for PBXNativeTarget "LOLBook" */ = {
			isa = XCConfigurationList;
			buildConfigurations = (
				88EECEF12CE03390002F0AC8 /* Debug */,
				88EECEF22CE03390002F0AC8 /* Release */,
			);
			defaultConfigurationIsVisible = 0;
			defaultConfigurationName = Release;
		};
		88EECEF32CE03390002F0AC8 /* Build configuration list for PBXNativeTarget "LOLBookTests" */ = {
			isa = XCConfigurationList;
			buildConfigurations = (
				88EECEF42CE03390002F0AC8 /* Debug */,
				88EECEF52CE03390002F0AC8 /* Release */,
			);
			defaultConfigurationIsVisible = 0;
			defaultConfigurationName = Release;
		};
		88EECEF62CE03390002F0AC8 /* Build configuration list for PBXNativeTarget "LOLBookUITests" */ = {
			isa = XCConfigurationList;
			buildConfigurations = (
				88EECEF72CE03390002F0AC8 /* Debug */,
				88EECEF82CE03390002F0AC8 /* Release */,
			);
			defaultConfigurationIsVisible = 0;
			defaultConfigurationName = Release;
		};
/* End XCConfigurationList section */
	};
	rootObject = 88EECEC42CE0338E002F0AC8 /* Project object */;
}
